
Microsoft Visual Studio Solution File, Format Version 12.00
# Visual Studio Version 17
VisualStudioVersion = 17.5.002.0
MinimumVisualStudioVersion = 10.0.40219.1
Project("{9A19103F-16F7-4668-BE54-9A1E7A4F7556}") = "SocialMediaApp", "SocialMediaApp\SocialMediaApp.csproj", "{97F4EA42-12F1-4AFB-A066-6452AF0B6B06}"
EndProject
Global
	GlobalSection(SolutionConfigurationPlatforms) = preSolution
		Debug|Any CPU = Debug|Any CPU
		Release|Any CPU = Release|Any CPU
	EndGlobalSection
	GlobalSection(ProjectConfigurationPlatforms) = postSolution
		{97F4EA42-12F1-4AFB-A066-6452AF0B6B06}.Debug|Any CPU.ActiveCfg = Debug|Any CPU
		{97F4EA42-12F1-4AFB-A066-6452AF0B6B06}.Debug|Any CPU.Build.0 = Debug|Any CPU
		{97F4EA42-12F1-4AFB-A066-6452AF0B6B06}.Release|Any CPU.ActiveCfg = Release|Any CPU
		{97F4EA42-12F1-4AFB-A066-6452AF0B6B06}.Release|Any CPU.Build.0 = Release|Any CPU
	EndGlobalSection
	GlobalSection(SolutionProperties) = preSolution
		HideSolutionNode = FALSE
	EndGlobalSection
	GlobalSection(ExtensibilityGlobals) = postSolution
		SolutionGuid = {A444E129-D824-4A7A-B441-6EC9A6F2A69B}
	EndGlobalSection
EndGlobal
